
Microsoft Visual Studio Solution File, Format Version 12.00
# Visual Studio 15
VisualStudioVersion = 15.0.28010.2048
MinimumVisualStudioVersion = 10.0.40219.1
Project("{9A19103F-16F7-4668-BE54-9A1E7A4F7556}") = "CST465Lab8", "CST465Lab8.csproj", "{6DB14E7C-5E06-4C64-A4CF-D4FF13A5EC91}"
EndProject
Global
	GlobalSection(SolutionConfigurationPlatforms) = preSolution
		Debug|Any CPU = Debug|Any CPU
		Release|Any CPU = Release|Any CPU
	EndGlobalSection
	GlobalSection(ProjectConfigurationPlatforms) = postSolution
		{6DB14E7C-5E06-4C64-A4CF-D4FF13A5EC91}.Debug|Any CPU.ActiveCfg = Debug|Any CPU
		{6DB14E7C-5E06-4C64-A4CF-D4FF13A5EC91}.Debug|Any CPU.Build.0 = Debug|Any CPU
		{6DB14E7C-5E06-4C64-A4CF-D4FF13A5EC91}.Release|Any CPU.ActiveCfg = Release|Any CPU
		{6DB14E7C-5E06-4C64-A4CF-D4FF13A5EC91}.Release|Any CPU.Build.0 = Release|Any CPU
	EndGlobalSection
	GlobalSection(SolutionProperties) = preSolution
		HideSolutionNode = FALSE
	EndGlobalSection
	GlobalSection(ExtensibilityGlobals) = postSolution
		SolutionGuid = {1D509079-4FC0-4799-BFDA-565B4BB103C6}
	EndGlobalSection
EndGlobal
